// !$*UTF8*$!
{
	archiveVersion = 1;
	classes = {
	};
	objectVersion = 46;
	objects = {

/* Begin PBXBuildFile section */
		7D19D5CF199A18090081478F /* Images.xcassets in Resources */ = {isa = PBXBuildFile; fileRef = 7D19D5CE199A18090081478F /* Images.xcassets */; };
		7D19D5D6199A18160081478F /* AppDelegate.m in Sources */ = {isa = PBXBuildFile; fileRef = 7D19D5D2199A18160081478F /* AppDelegate.m */; };
		7D19D5D7199A18160081478F /* main.m in Sources */ = {isa = PBXBuildFile; fileRef = 7D19D5D3199A18160081478F /* main.m */; };
		7D19D5DF199A18990081478F /* iOSAppTests.m in Sources */ = {isa = PBXBuildFile; fileRef = 7D19D5DE199A18990081478F /* iOSAppTests.m */; };
		7D19D5E5199A22AE0081478F /* Main.storyboard in Resources */ = {isa = PBXBuildFile; fileRef = 7D19D5E4199A22AE0081478F /* Main.storyboard */; };
		7D19D5ED199A2B9A0081478F /* Relayr.framework in Frameworks */ = {isa = PBXBuildFile; fileRef = 7D19D5E9199A2B5C0081478F /* Relayr.framework */; };
		7D19D5F3199A2FEE0081478F /* SystemConfiguration.framework in Frameworks */ = {isa = PBXBuildFile; fileRef = 7D19D5F2199A2FEE0081478F /* SystemConfiguration.framework */; };
		7D19D5F6199A33F20081478F /* DataViewController.m in Sources */ = {isa = PBXBuildFile; fileRef = 7D19D5F5199A33F20081478F /* DataViewController.m */; };
/* End PBXBuildFile section */

/* Begin PBXContainerItemProxy section */
		7D19D5C0199A17410081478F /* PBXContainerItemProxy */ = {
			isa = PBXContainerItemProxy;
			containerPortal = 7D19D59F199A17280081478F /* Project object */;
			proxyType = 1;
			remoteGlobalIDString = 7D19D5A8199A17400081478F;
			remoteInfo = iOSApp;
		};
/* End PBXContainerItemProxy section */

/* Begin PBXFileReference section */
		7D19D5A9199A17400081478F /* Hello, Relayr!.app */ = {isa = PBXFileReference; explicitFileType = wrapper.application; includeInIndex = 0; path = "Hello, Relayr!.app"; sourceTree = BUILT_PRODUCTS_DIR; };
		7D19D5BF199A17410081478F /* Hello, Relayr! Tests.xctest */ = {isa = PBXFileReference; explicitFileType = wrapper.cfbundle; includeInIndex = 0; path = "Hello, Relayr! Tests.xctest"; sourceTree = BUILT_PRODUCTS_DIR; };
		7D19D5CE199A18090081478F /* Images.xcassets */ = {isa = PBXFileReference; lastKnownFileType = folder.assetcatalog; path = Images.xcassets; sourceTree = "<group>"; };
		7D19D5D1199A18160081478F /* AppDelegate.h */ = {isa = PBXFileReference; fileEncoding = 4; lastKnownFileType = sourcecode.c.h; path = AppDelegate.h; sourceTree = "<group>"; };
		7D19D5D2199A18160081478F /* AppDelegate.m */ = {isa = PBXFileReference; fileEncoding = 4; lastKnownFileType = sourcecode.c.objc; path = AppDelegate.m; sourceTree = "<group>"; };
		7D19D5D3199A18160081478F /* main.m */ = {isa = PBXFileReference; fileEncoding = 4; lastKnownFileType = sourcecode.c.objc; path = main.m; sourceTree = "<group>"; };
		7D19D5DA199A181C0081478F /* Info.plist */ = {isa = PBXFileReference; fileEncoding = 4; lastKnownFileType = text.plist.xml; path = Info.plist; sourceTree = "<group>"; };
		7D19D5DE199A18990081478F /* iOSAppTests.m */ = {isa = PBXFileReference; fileEncoding = 4; lastKnownFileType = sourcecode.c.objc; path = iOSAppTests.m; sourceTree = "<group>"; };
		7D19D5E1199A18A10081478F /* Info.plist */ = {isa = PBXFileReference; fileEncoding = 4; lastKnownFileType = text.plist.xml; path = Info.plist; sourceTree = "<group>"; };
		7D19D5E4199A22AE0081478F /* Main.storyboard */ = {isa = PBXFileReference; fileEncoding = 4; lastKnownFileType = file.storyboard; path = Main.storyboard; sourceTree = "<group>"; };
		7D19D5E9199A2B5C0081478F /* Relayr.framework */ = {isa = PBXFileReference; lastKnownFileType = wrapper.framework; name = Relayr.framework; path = ../Frameworks/Relayr.framework; sourceTree = "<group>"; };
		7D19D5EE199A2FC20081478F /* CFNetwork.framework */ = {isa = PBXFileReference; lastKnownFileType = wrapper.framework; name = CFNetwork.framework; path = Platforms/iPhoneOS.platform/Developer/SDKs/iPhoneOS8.0.sdk/System/Library/Frameworks/CFNetwork.framework; sourceTree = DEVELOPER_DIR; };
		7D19D5F0199A2FC90081478F /* CoreBluetooth.framework */ = {isa = PBXFileReference; lastKnownFileType = wrapper.framework; name = CoreBluetooth.framework; path = Platforms/iPhoneOS.platform/Developer/SDKs/iPhoneOS8.0.sdk/System/Library/Frameworks/CoreBluetooth.framework; sourceTree = DEVELOPER_DIR; };
		7D19D5F2199A2FEE0081478F /* SystemConfiguration.framework */ = {isa = PBXFileReference; lastKnownFileType = wrapper.framework; name = SystemConfiguration.framework; path = Platforms/iPhoneOS.platform/Developer/SDKs/iPhoneOS8.0.sdk/System/Library/Frameworks/SystemConfiguration.framework; sourceTree = DEVELOPER_DIR; };
		7D19D5F4199A33F20081478F /* DataViewController.h */ = {isa = PBXFileReference; fileEncoding = 4; lastKnownFileType = sourcecode.c.h; path = DataViewController.h; sourceTree = "<group>"; };
		7D19D5F5199A33F20081478F /* DataViewController.m */ = {isa = PBXFileReference; fileEncoding = 4; lastKnownFileType = sourcecode.c.objc; path = DataViewController.m; sourceTree = "<group>"; };
/* End PBXFileReference section */

/* Begin PBXFrameworksBuildPhase section */
		7D19D5A6199A17400081478F /* Frameworks */ = {
			isa = PBXFrameworksBuildPhase;
			buildActionMask = 2147483647;
			files = (
				7D19D5F3199A2FEE0081478F /* SystemConfiguration.framework in Frameworks */,
				7D19D5ED199A2B9A0081478F /* Relayr.framework in Frameworks */,
			);
			runOnlyForDeploymentPostprocessing = 0;
		};
		7D19D5BC199A17410081478F /* Frameworks */ = {
			isa = PBXFrameworksBuildPhase;
			buildActionMask = 2147483647;
			files = (
			);
			runOnlyForDeploymentPostprocessing = 0;
		};
/* End PBXFrameworksBuildPhase section */

/* Begin PBXGroup section */
		7D19D59E199A17280081478F = {
			isa = PBXGroup;
			children = (
				7D19D5AB199A17410081478F /* iOSApp */,
				7D19D5C2199A17410081478F /* iOSAppTests */,
				7D19D5AA199A17400081478F /* Products */,
				7D19D5EB199A2B820081478F /* Frameworks */,
			);
			sourceTree = "<group>";
		};
		7D19D5AA199A17400081478F /* Products */ = {
			isa = PBXGroup;
			children = (
				7D19D5A9199A17400081478F /* Hello, Relayr!.app */,
				7D19D5BF199A17410081478F /* Hello, Relayr! Tests.xctest */,
			);
			name = Products;
			sourceTree = "<group>";
		};
		7D19D5AB199A17410081478F /* iOSApp */ = {
			isa = PBXGroup;
			children = (
				7D19D5CD199A18090081478F /* Assets */,
				7D19D5D0199A18160081478F /* Classes */,
				7D19D5D9199A181C0081478F /* Configuration */,
			);
			path = iOSApp;
			sourceTree = "<group>";
		};
		7D19D5C2199A17410081478F /* iOSAppTests */ = {
			isa = PBXGroup;
			children = (
				7D19D5DC199A188E0081478F /* Assests */,
				7D19D5DD199A18990081478F /* Classes */,
				7D19D5E0199A18A10081478F /* Configuration */,
			);
			path = iOSAppTests;
			sourceTree = "<group>";
		};
		7D19D5CD199A18090081478F /* Assets */ = {
			isa = PBXGroup;
			children = (
				7D19D5CE199A18090081478F /* Images.xcassets */,
				7D19D5E3199A22AE0081478F /* Storyboards */,
			);
			path = Assets;
			sourceTree = "<group>";
		};
		7D19D5D0199A18160081478F /* Classes */ = {
			isa = PBXGroup;
			children = (
				7D19D5D1199A18160081478F /* AppDelegate.h */,
				7D19D5D2199A18160081478F /* AppDelegate.m */,
				7D19D5F4199A33F20081478F /* DataViewController.h */,
				7D19D5F5199A33F20081478F /* DataViewController.m */,
				7D19D5D3199A18160081478F /* main.m */,
			);
			path = Classes;
			sourceTree = "<group>";
		};
		7D19D5D9199A181C0081478F /* Configuration */ = {
			isa = PBXGroup;
			children = (
				7D19D5DA199A181C0081478F /* Info.plist */,
			);
			path = Configuration;
			sourceTree = "<group>";
		};
		7D19D5DC199A188E0081478F /* Assests */ = {
			isa = PBXGroup;
			children = (
			);
			path = Assests;
			sourceTree = "<group>";
		};
		7D19D5DD199A18990081478F /* Classes */ = {
			isa = PBXGroup;
			children = (
				7D19D5DE199A18990081478F /* iOSAppTests.m */,
			);
			path = Classes;
			sourceTree = "<group>";
		};
		7D19D5E0199A18A10081478F /* Configuration */ = {
			isa = PBXGroup;
			children = (
				7D19D5E1199A18A10081478F /* Info.plist */,
			);
			path = Configuration;
			sourceTree = "<group>";
		};
		7D19D5E3199A22AE0081478F /* Storyboards */ = {
			isa = PBXGroup;
			children = (
				7D19D5E4199A22AE0081478F /* Main.storyboard */,
			);
			path = Storyboards;
			sourceTree = "<group>";
		};
		7D19D5EB199A2B820081478F /* Frameworks */ = {
			isa = PBXGroup;
			children = (
				7D19D5F2199A2FEE0081478F /* SystemConfiguration.framework */,
				7D19D5F0199A2FC90081478F /* CoreBluetooth.framework */,
				7D19D5EE199A2FC20081478F /* CFNetwork.framework */,
				7D19D5E9199A2B5C0081478F /* Relayr.framework */,
			);
			name = Frameworks;
			sourceTree = "<group>";
		};
/* End PBXGroup section */

/* Begin PBXNativeTarget section */
		7D19D5A8199A17400081478F /* iOSApp */ = {
			isa = PBXNativeTarget;
			buildConfigurationList = 7D19D5C7199A17420081478F /* Build configuration list for PBXNativeTarget "iOSApp" */;
			buildPhases = (
				7D19D5A5199A17400081478F /* Sources */,
				7D19D5A6199A17400081478F /* Frameworks */,
				7D19D5A7199A17400081478F /* Resources */,
			);
			buildRules = (
			);
			dependencies = (
			);
			name = iOSApp;
			productName = iOSApp;
			productReference = 7D19D5A9199A17400081478F /* Hello, Relayr!.app */;
			productType = "com.apple.product-type.application";
		};
		7D19D5BE199A17410081478F /* iOSAppTests */ = {
			isa = PBXNativeTarget;
			buildConfigurationList = 7D19D5CA199A17420081478F /* Build configuration list for PBXNativeTarget "iOSAppTests" */;
			buildPhases = (
				7D19D5BB199A17410081478F /* Sources */,
				7D19D5BC199A17410081478F /* Frameworks */,
				7D19D5BD199A17410081478F /* Resources */,
			);
			buildRules = (
			);
			dependencies = (
				7D19D5C1199A17410081478F /* PBXTargetDependency */,
			);
			name = iOSAppTests;
			productName = iOSAppTests;
			productReference = 7D19D5BF199A17410081478F /* Hello, Relayr! Tests.xctest */;
			productType = "com.apple.product-type.bundle.unit-test";
		};
/* End PBXNativeTarget section */

/* Begin PBXProject section */
		7D19D59F199A17280081478F /* Project object */ = {
			isa = PBXProject;
			attributes = {
				LastUpgradeCheck = 0600;
				TargetAttributes = {
					7D19D5A8199A17400081478F = {
						CreatedOnToolsVersion = 6.0;
					};
					7D19D5BE199A17410081478F = {
						CreatedOnToolsVersion = 6.0;
						TestTargetID = 7D19D5A8199A17400081478F;
					};
				};
			};
			buildConfigurationList = 7D19D5A2199A17280081478F /* Build configuration list for PBXProject "HelloRelayr" */;
			compatibilityVersion = "Xcode 3.2";
			developmentRegion = English;
			hasScannedForEncodings = 0;
			knownRegions = (
				en,
				Base,
			);
			mainGroup = 7D19D59E199A17280081478F;
			productRefGroup = 7D19D5AA199A17400081478F /* Products */;
			projectDirPath = "";
			projectRoot = "";
			targets = (
				7D19D5A8199A17400081478F /* iOSApp */,
				7D19D5BE199A17410081478F /* iOSAppTests */,
			);
		};
/* End PBXProject section */

/* Begin PBXResourcesBuildPhase section */
		7D19D5A7199A17400081478F /* Resources */ = {
			isa = PBXResourcesBuildPhase;
			buildActionMask = 2147483647;
			files = (
				7D19D5E5199A22AE0081478F /* Main.storyboard in Resources */,
				7D19D5CF199A18090081478F /* Images.xcassets in Resources */,
			);
			runOnlyForDeploymentPostprocessing = 0;
		};
		7D19D5BD199A17410081478F /* Resources */ = {
			isa = PBXResourcesBuildPhase;
			buildActionMask = 2147483647;
			files = (
			);
			runOnlyForDeploymentPostprocessing = 0;
		};
/* End PBXResourcesBuildPhase section */

/* Begin PBXSourcesBuildPhase section */
		7D19D5A5199A17400081478F /* Sources */ = {
			isa = PBXSourcesBuildPhase;
			buildActionMask = 2147483647;
			files = (
				7D19D5F6199A33F20081478F /* DataViewController.m in Sources */,
				7D19D5D7199A18160081478F /* main.m in Sources */,
				7D19D5D6199A18160081478F /* AppDelegate.m in Sources */,
			);
			runOnlyForDeploymentPostprocessing = 0;
		};
		7D19D5BB199A17410081478F /* Sources */ = {
			isa = PBXSourcesBuildPhase;
			buildActionMask = 2147483647;
			files = (
				7D19D5DF199A18990081478F /* iOSAppTests.m in Sources */,
			);
			runOnlyForDeploymentPostprocessing = 0;
		};
/* End PBXSourcesBuildPhase section */

/* Begin PBXTargetDependency section */
		7D19D5C1199A17410081478F /* PBXTargetDependency */ = {
			isa = PBXTargetDependency;
			target = 7D19D5A8199A17400081478F /* iOSApp */;
			targetProxy = 7D19D5C0199A17410081478F /* PBXContainerItemProxy */;
		};
/* End PBXTargetDependency section */

/* Begin XCBuildConfiguration section */
		7D19D5A3199A17280081478F /* Debug */ = {
			isa = XCBuildConfiguration;
			buildSettings = {
				GCC_C_LANGUAGE_STANDARD = c11;
			};
			name = Debug;
		};
		7D19D5A4199A17280081478F /* Release */ = {
			isa = XCBuildConfiguration;
			buildSettings = {
				GCC_C_LANGUAGE_STANDARD = c11;
			};
			name = Release;
		};
		7D19D5C8199A17420081478F /* Debug */ = {
			isa = XCBuildConfiguration;
			buildSettings = {
				ALWAYS_SEARCH_USER_PATHS = NO;
				ASSETCATALOG_COMPILER_APPICON_NAME = AppIcon;
				ASSETCATALOG_COMPILER_LAUNCHIMAGE_NAME = LaunchImage;
				CLANG_CXX_LANGUAGE_STANDARD = "gnu++0x";
				CLANG_CXX_LIBRARY = "libc++";
				CLANG_ENABLE_MODULES = YES;
				CLANG_ENABLE_OBJC_ARC = YES;
				CLANG_WARN_BOOL_CONVERSION = YES;
				CLANG_WARN_CONSTANT_CONVERSION = YES;
				CLANG_WARN_DIRECT_OBJC_ISA_USAGE = YES_ERROR;
				CLANG_WARN_EMPTY_BODY = YES;
				CLANG_WARN_ENUM_CONVERSION = YES;
				CLANG_WARN_INT_CONVERSION = YES;
				CLANG_WARN_OBJC_ROOT_CLASS = YES_ERROR;
				CLANG_WARN_UNREACHABLE_CODE = YES;
				CLANG_WARN__DUPLICATE_METHOD_MATCH = YES;
				"CODE_SIGN_IDENTITY[sdk=iphoneos*]" = "iPhone Developer";
				COPY_PHASE_STRIP = NO;
				ENABLE_STRICT_OBJC_MSGSEND = YES;
				FRAMEWORK_SEARCH_PATHS = (
					"$(inherited)",
					"/Users/jamie/development/relayr/ios-sample-apps/Frameworks",
				);
				GCC_C_LANGUAGE_STANDARD = c11;
				GCC_DYNAMIC_NO_PIC = NO;
				GCC_OPTIMIZATION_LEVEL = 0;
				GCC_PREPROCESSOR_DEFINITIONS = (
					"DEBUG=1",
					"$(inherited)",
				);
				GCC_SYMBOLS_PRIVATE_EXTERN = NO;
				GCC_WARN_64_TO_32_BIT_CONVERSION = YES;
				GCC_WARN_ABOUT_RETURN_TYPE = YES_ERROR;
				GCC_WARN_UNDECLARED_SELECTOR = YES;
				GCC_WARN_UNINITIALIZED_AUTOS = YES_AGGRESSIVE;
				GCC_WARN_UNUSED_FUNCTION = YES;
				GCC_WARN_UNUSED_VARIABLE = YES;
				INFOPLIST_FILE = iOSApp/Configuration/Info.plist;
				IPHONEOS_DEPLOYMENT_TARGET = 8.0;
				LD_RUNPATH_SEARCH_PATHS = "$(inherited) @executable_path/Frameworks";
				MTL_ENABLE_DEBUG_INFO = YES;
				ONLY_ACTIVE_ARCH = YES;
				PRODUCT_NAME = "Hello, Relayr!";
				SDKROOT = iphoneos;
				TARGETED_DEVICE_FAMILY = "1,2";
			};
			name = Debug;
		};
		7D19D5C9199A17420081478F /* Release */ = {
			isa = XCBuildConfiguration;
			buildSettings = {
				ALWAYS_SEARCH_USER_PATHS = NO;
				ASSETCATALOG_COMPILER_APPICON_NAME = AppIcon;
				ASSETCATALOG_COMPILER_LAUNCHIMAGE_NAME = LaunchImage;
				CLANG_CXX_LANGUAGE_STANDARD = "gnu++0x";
				CLANG_CXX_LIBRARY = "libc++";
				CLANG_ENABLE_MODULES = YES;
				CLANG_ENABLE_OBJC_ARC = YES;
				CLANG_WARN_BOOL_CONVERSION = YES;
				CLANG_WARN_CONSTANT_CONVERSION = YES;
				CLANG_WARN_DIRECT_OBJC_ISA_USAGE = YES_ERROR;
				CLANG_WARN_EMPTY_BODY = YES;
				CLANG_WARN_ENUM_CONVERSION = YES;
				CLANG_WARN_INT_CONVERSION = YES;
				CLANG_WARN_OBJC_ROOT_CLASS = YES_ERROR;
				CLANG_WARN_UNREACHABLE_CODE = YES;
				CLANG_WARN__DUPLICATE_METHOD_MATCH = YES;
				"CODE_SIGN_IDENTITY[sdk=iphoneos*]" = "iPhone Developer";
				COPY_PHASE_STRIP = YES;
				ENABLE_NS_ASSERTIONS = NO;
				ENABLE_STRICT_OBJC_MSGSEND = YES;
				FRAMEWORK_SEARCH_PATHS = (
					"$(inherited)",
					"/Users/jamie/development/relayr/ios-sample-apps/Frameworks",
				);
				GCC_C_LANGUAGE_STANDARD = c11;
				GCC_WARN_64_TO_32_BIT_CONVERSION = YES;
				GCC_WARN_ABOUT_RETURN_TYPE = YES_ERROR;
				GCC_WARN_UNDECLARED_SELECTOR = YES;
				GCC_WARN_UNINITIALIZED_AUTOS = YES_AGGRESSIVE;
				GCC_WARN_UNUSED_FUNCTION = YES;
				GCC_WARN_UNUSED_VARIABLE = YES;
				INFOPLIST_FILE = iOSApp/Configuration/Info.plist;
				IPHONEOS_DEPLOYMENT_TARGET = 8.0;
				LD_RUNPATH_SEARCH_PATHS = "$(inherited) @executable_path/Frameworks";
				MTL_ENABLE_DEBUG_INFO = NO;
				PRODUCT_NAME = "Hello, Relayr!";
				SDKROOT = iphoneos;
				TARGETED_DEVICE_FAMILY = "1,2";
				VALIDATE_PRODUCT = YES;
			};
			name = Release;
		};
		7D19D5CB199A17420081478F /* Debug */ = {
			isa = XCBuildConfiguration;
			buildSettings = {
				ALWAYS_SEARCH_USER_PATHS = NO;
				BUNDLE_LOADER = "$(TEST_HOST)";
				CLANG_CXX_LANGUAGE_STANDARD = "gnu++0x";
				CLANG_CXX_LIBRARY = "libc++";
				CLANG_ENABLE_MODULES = YES;
				CLANG_ENABLE_OBJC_ARC = YES;
				CLANG_WARN_BOOL_CONVERSION = YES;
				CLANG_WARN_CONSTANT_CONVERSION = YES;
				CLANG_WARN_DIRECT_OBJC_ISA_USAGE = YES_ERROR;
				CLANG_WARN_EMPTY_BODY = YES;
				CLANG_WARN_ENUM_CONVERSION = YES;
				CLANG_WARN_INT_CONVERSION = YES;
				CLANG_WARN_OBJC_ROOT_CLASS = YES_ERROR;
				CLANG_WARN_UNREACHABLE_CODE = YES;
				CLANG_WARN__DUPLICATE_METHOD_MATCH = YES;
				COPY_PHASE_STRIP = NO;
				ENABLE_STRICT_OBJC_MSGSEND = YES;
				FRAMEWORK_SEARCH_PATHS = (
					"$(SDKROOT)/Developer/Library/Frameworks",
					"$(inherited)",
				);
				GCC_C_LANGUAGE_STANDARD = c11;
				GCC_DYNAMIC_NO_PIC = NO;
				GCC_OPTIMIZATION_LEVEL = 0;
				GCC_PREPROCESSOR_DEFINITIONS = (
					"DEBUG=1",
					"$(inherited)",
				);
				GCC_SYMBOLS_PRIVATE_EXTERN = NO;
				GCC_WARN_64_TO_32_BIT_CONVERSION = YES;
				GCC_WARN_ABOUT_RETURN_TYPE = YES_ERROR;
				GCC_WARN_UNDECLARED_SELECTOR = YES;
				GCC_WARN_UNINITIALIZED_AUTOS = YES_AGGRESSIVE;
				GCC_WARN_UNUSED_FUNCTION = YES;
				GCC_WARN_UNUSED_VARIABLE = YES;
				INFOPLIST_FILE = iOSAppTests/Configuration/Info.plist;
				IPHONEOS_DEPLOYMENT_TARGET = 8.0;
				LD_RUNPATH_SEARCH_PATHS = "$(inherited) @executable_path/Frameworks @loader_path/Frameworks";
				MTL_ENABLE_DEBUG_INFO = YES;
				ONLY_ACTIVE_ARCH = YES;
				PRODUCT_NAME = "Hello, Relayr! Tests";
				SDKROOT = iphoneos;
				TEST_HOST = "$(BUILT_PRODUCTS_DIR)/iOSApp.app/iOSApp";
			};
			name = Debug;
		};
		7D19D5CC199A17420081478F /* Release */ = {
			isa = XCBuildConfiguration;
			buildSettings = {
				ALWAYS_SEARCH_USER_PATHS = NO;
				BUNDLE_LOADER = "$(TEST_HOST)";
				CLANG_CXX_LANGUAGE_STANDARD = "gnu++0x";
				CLANG_CXX_LIBRARY = "libc++";
				CLANG_ENABLE_MODULES = YES;
				CLANG_ENABLE_OBJC_ARC = YES;
				CLANG_WARN_BOOL_CONVERSION = YES;
				CLANG_WARN_CONSTANT_CONVERSION = YES;
				CLANG_WARN_DIRECT_OBJC_ISA_USAGE = YES_ERROR;
				CLANG_WARN_EMPTY_BODY = YES;
				CLANG_WARN_ENUM_CONVERSION = YES;
				CLANG_WARN_INT_CONVERSION = YES;
				CLANG_WARN_OBJC_ROOT_CLASS = YES_ERROR;
				CLANG_WARN_UNREACHABLE_CODE = YES;
				CLANG_WARN__DUPLICATE_METHOD_MATCH = YES;
				COPY_PHASE_STRIP = YES;
				ENABLE_NS_ASSERTIONS = NO;
				ENABLE_STRICT_OBJC_MSGSEND = YES;
				FRAMEWORK_SEARCH_PATHS = (
					"$(SDKROOT)/Developer/Library/Frameworks",
					"$(inherited)",
				);
				GCC_C_LANGUAGE_STANDARD = c11;
				GCC_WARN_64_TO_32_BIT_CONVERSION = YES;
				GCC_WARN_ABOUT_RETURN_TYPE = YES_ERROR;
				GCC_WARN_UNDECLARED_SELECTOR = YES;
				GCC_WARN_UNINITIALIZED_AUTOS = YES_AGGRESSIVE;
				GCC_WARN_UNUSED_FUNCTION = YES;
				GCC_WARN_UNUSED_VARIABLE = YES;
				INFOPLIST_FILE = iOSAppTests/Configuration/Info.plist;
				IPHONEOS_DEPLOYMENT_TARGET = 8.0;
				LD_RUNPATH_SEARCH_PATHS = "$(inherited) @executable_path/Frameworks @loader_path/Frameworks";
				MTL_ENABLE_DEBUG_INFO = NO;
				PRODUCT_NAME = "Hello, Relayr! Tests";
				SDKROOT = iphoneos;
				TEST_HOST = "$(BUILT_PRODUCTS_DIR)/iOSApp.app/iOSApp";
				VALIDATE_PRODUCT = YES;
			};
			name = Release;
		};
/* End XCBuildConfiguration section */

/* Begin XCConfigurationList section */
		7D19D5A2199A17280081478F /* Build configuration list for PBXProject "HelloRelayr" */ = {
			isa = XCConfigurationList;
			buildConfigurations = (
				7D19D5A3199A17280081478F /* Debug */,
				7D19D5A4199A17280081478F /* Release */,
			);
			defaultConfigurationIsVisible = 0;
			defaultConfigurationName = Release;
		};
		7D19D5C7199A17420081478F /* Build configuration list for PBXNativeTarget "iOSApp" */ = {
			isa = XCConfigurationList;
			buildConfigurations = (
				7D19D5C8199A17420081478F /* Debug */,
				7D19D5C9199A17420081478F /* Release */,
			);
			defaultConfigurationIsVisible = 0;
			defaultConfigurationName = Release;
		};
		7D19D5CA199A17420081478F /* Build configuration list for PBXNativeTarget "iOSAppTests" */ = {
			isa = XCConfigurationList;
			buildConfigurations = (
				7D19D5CB199A17420081478F /* Debug */,
				7D19D5CC199A17420081478F /* Release */,
			);
			defaultConfigurationIsVisible = 0;
			defaultConfigurationName = Release;
		};
/* End XCConfigurationList section */
	};
	rootObject = 7D19D59F199A17280081478F /* Project object */;
}
