// !$*UTF8*$!
{
	archiveVersion = 1;
	classes = {
	};
	objectVersion = 46;
	objects = {

/* Begin PBXBuildFile section */
		62F6C7E1199A09E1005BAD0C /* main.m in Sources */ = {isa = PBXBuildFile; fileRef = 62F6C7E0199A09E1005BAD0C /* main.m */; };
		62F6C7E4199A09E1005BAD0C /* AppDelegate.m in Sources */ = {isa = PBXBuildFile; fileRef = 62F6C7E3199A09E1005BAD0C /* AppDelegate.m */; };
		62F6C7E7199A09E1005BAD0C /* ViewController.m in Sources */ = {isa = PBXBuildFile; fileRef = 62F6C7E6199A09E1005BAD0C /* ViewController.m */; };
		62F6C7EA199A09E1005BAD0C /* Main.storyboard in Resources */ = {isa = PBXBuildFile; fileRef = 62F6C7E8199A09E1005BAD0C /* Main.storyboard */; };
		62F6C7EC199A09E1005BAD0C /* Images.xcassets in Resources */ = {isa = PBXBuildFile; fileRef = 62F6C7EB199A09E1005BAD0C /* Images.xcassets */; };
		62F6C7F8199A09E1005BAD0C /* HelloRelayrTests.m in Sources */ = {isa = PBXBuildFile; fileRef = 62F6C7F7199A09E1005BAD0C /* HelloRelayrTests.m */; };
/* End PBXBuildFile section */

/* Begin PBXContainerItemProxy section */
		62F6C7F2199A09E1005BAD0C /* PBXContainerItemProxy */ = {
			isa = PBXContainerItemProxy;
			containerPortal = 62F6C7D3199A09E1005BAD0C /* Project object */;
			proxyType = 1;
			remoteGlobalIDString = 62F6C7DA199A09E1005BAD0C;
			remoteInfo = HelloRelayr;
		};
/* End PBXContainerItemProxy section */

/* Begin PBXFileReference section */
		62F6C7DB199A09E1005BAD0C /* HelloRelayr.app */ = {isa = PBXFileReference; explicitFileType = wrapper.application; includeInIndex = 0; path = HelloRelayr.app; sourceTree = BUILT_PRODUCTS_DIR; };
		62F6C7DF199A09E1005BAD0C /* Info.plist */ = {isa = PBXFileReference; lastKnownFileType = text.plist.xml; path = Info.plist; sourceTree = "<group>"; };
		62F6C7E0199A09E1005BAD0C /* main.m */ = {isa = PBXFileReference; lastKnownFileType = sourcecode.c.objc; path = main.m; sourceTree = "<group>"; };
		62F6C7E2199A09E1005BAD0C /* AppDelegate.h */ = {isa = PBXFileReference; lastKnownFileType = sourcecode.c.h; path = AppDelegate.h; sourceTree = "<group>"; };
		62F6C7E3199A09E1005BAD0C /* AppDelegate.m */ = {isa = PBXFileReference; lastKnownFileType = sourcecode.c.objc; path = AppDelegate.m; sourceTree = "<group>"; };
		62F6C7E5199A09E1005BAD0C /* ViewController.h */ = {isa = PBXFileReference; lastKnownFileType = sourcecode.c.h; path = ViewController.h; sourceTree = "<group>"; };
		62F6C7E6199A09E1005BAD0C /* ViewController.m */ = {isa = PBXFileReference; lastKnownFileType = sourcecode.c.objc; path = ViewController.m; sourceTree = "<group>"; };
		62F6C7E9199A09E1005BAD0C /* Base */ = {isa = PBXFileReference; lastKnownFileType = file.storyboard; name = Base; path = Base.lproj/Main.storyboard; sourceTree = "<group>"; };
		62F6C7EB199A09E1005BAD0C /* Images.xcassets */ = {isa = PBXFileReference; lastKnownFileType = folder.assetcatalog; path = Images.xcassets; sourceTree = "<group>"; };
		62F6C7F1199A09E1005BAD0C /* HelloRelayrTests.xctest */ = {isa = PBXFileReference; explicitFileType = wrapper.cfbundle; includeInIndex = 0; path = HelloRelayrTests.xctest; sourceTree = BUILT_PRODUCTS_DIR; };
		62F6C7F6199A09E1005BAD0C /* Info.plist */ = {isa = PBXFileReference; lastKnownFileType = text.plist.xml; path = Info.plist; sourceTree = "<group>"; };
		62F6C7F7199A09E1005BAD0C /* HelloRelayrTests.m */ = {isa = PBXFileReference; lastKnownFileType = sourcecode.c.objc; path = HelloRelayrTests.m; sourceTree = "<group>"; };
/* End PBXFileReference section */

/* Begin PBXFrameworksBuildPhase section */
		62F6C7D8199A09E1005BAD0C /* Frameworks */ = {
			isa = PBXFrameworksBuildPhase;
			buildActionMask = 2147483647;
			files = (
			);
			runOnlyForDeploymentPostprocessing = 0;
		};
		62F6C7EE199A09E1005BAD0C /* Frameworks */ = {
			isa = PBXFrameworksBuildPhase;
			buildActionMask = 2147483647;
			files = (
			);
			runOnlyForDeploymentPostprocessing = 0;
		};
/* End PBXFrameworksBuildPhase section */

/* Begin PBXGroup section */
		62F6C7D2199A09E1005BAD0C = {
			isa = PBXGroup;
			children = (
				62F6C7DD199A09E1005BAD0C /* HelloRelayr */,
				62F6C7F4199A09E1005BAD0C /* HelloRelayrTests */,
				62F6C7DC199A09E1005BAD0C /* Products */,
			);
			sourceTree = "<group>";
		};
		62F6C7DC199A09E1005BAD0C /* Products */ = {
			isa = PBXGroup;
			children = (
				62F6C7DB199A09E1005BAD0C /* HelloRelayr.app */,
				62F6C7F1199A09E1005BAD0C /* HelloRelayrTests.xctest */,
			);
			name = Products;
			sourceTree = "<group>";
		};
		62F6C7DD199A09E1005BAD0C /* HelloRelayr */ = {
			isa = PBXGroup;
			children = (
				62F6C7E2199A09E1005BAD0C /* AppDelegate.h */,
				62F6C7E3199A09E1005BAD0C /* AppDelegate.m */,
				62F6C7E5199A09E1005BAD0C /* ViewController.h */,
				62F6C7E6199A09E1005BAD0C /* ViewController.m */,
				62F6C7E8199A09E1005BAD0C /* Main.storyboard */,
				62F6C7EB199A09E1005BAD0C /* Images.xcassets */,
				62F6C7DE199A09E1005BAD0C /* Supporting Files */,
			);
			path = HelloRelayr;
			sourceTree = "<group>";
		};
		62F6C7DE199A09E1005BAD0C /* Supporting Files */ = {
			isa = PBXGroup;
			children = (
				62F6C7DF199A09E1005BAD0C /* Info.plist */,
				62F6C7E0199A09E1005BAD0C /* main.m */,
			);
			name = "Supporting Files";
			sourceTree = "<group>";
		};
		62F6C7F4199A09E1005BAD0C /* HelloRelayrTests */ = {
			isa = PBXGroup;
			children = (
				62F6C7F7199A09E1005BAD0C /* HelloRelayrTests.m */,
				62F6C7F5199A09E1005BAD0C /* Supporting Files */,
			);
			path = HelloRelayrTests;
			sourceTree = "<group>";
		};
		62F6C7F5199A09E1005BAD0C /* Supporting Files */ = {
			isa = PBXGroup;
			children = (
				62F6C7F6199A09E1005BAD0C /* Info.plist */,
			);
			name = "Supporting Files";
			sourceTree = "<group>";
		};
/* End PBXGroup section */

/* Begin PBXNativeTarget section */
		62F6C7DA199A09E1005BAD0C /* HelloRelayr */ = {
			isa = PBXNativeTarget;
			buildConfigurationList = 62F6C7FB199A09E1005BAD0C /* Build configuration list for PBXNativeTarget "HelloRelayr" */;
			buildPhases = (
				62F6C7D7199A09E1005BAD0C /* Sources */,
				62F6C7D8199A09E1005BAD0C /* Frameworks */,
				62F6C7D9199A09E1005BAD0C /* Resources */,
			);
			buildRules = (
			);
			dependencies = (
			);
			name = HelloRelayr;
			productName = HelloRelayr;
			productReference = 62F6C7DB199A09E1005BAD0C /* HelloRelayr.app */;
			productType = "com.apple.product-type.application";
		};
		62F6C7F0199A09E1005BAD0C /* HelloRelayrTests */ = {
			isa = PBXNativeTarget;
			buildConfigurationList = 62F6C7FE199A09E1005BAD0C /* Build configuration list for PBXNativeTarget "HelloRelayrTests" */;
			buildPhases = (
				62F6C7ED199A09E1005BAD0C /* Sources */,
				62F6C7EE199A09E1005BAD0C /* Frameworks */,
				62F6C7EF199A09E1005BAD0C /* Resources */,
			);
			buildRules = (
			);
			dependencies = (
				62F6C7F3199A09E1005BAD0C /* PBXTargetDependency */,
			);
			name = HelloRelayrTests;
			productName = HelloRelayrTests;
			productReference = 62F6C7F1199A09E1005BAD0C /* HelloRelayrTests.xctest */;
			productType = "com.apple.product-type.bundle.unit-test";
		};
/* End PBXNativeTarget section */

/* Begin PBXProject section */
		62F6C7D3199A09E1005BAD0C /* Project object */ = {
			isa = PBXProject;
			attributes = {
				LastUpgradeCheck = 0600;
				ORGANIZATIONNAME = "Jamie Banford";
				TargetAttributes = {
					62F6C7DA199A09E1005BAD0C = {
						CreatedOnToolsVersion = 6.0;
					};
					62F6C7F0199A09E1005BAD0C = {
						CreatedOnToolsVersion = 6.0;
						TestTargetID = 62F6C7DA199A09E1005BAD0C;
					};
				};
			};
			buildConfigurationList = 62F6C7D6199A09E1005BAD0C /* Build configuration list for PBXProject "HelloRelayr" */;
			compatibilityVersion = "Xcode 3.2";
			developmentRegion = English;
			hasScannedForEncodings = 0;
			knownRegions = (
				en,
				Base,
			);
			mainGroup = 62F6C7D2199A09E1005BAD0C;
			productRefGroup = 62F6C7DC199A09E1005BAD0C /* Products */;
			projectDirPath = "";
			projectRoot = "";
			targets = (
				62F6C7DA199A09E1005BAD0C /* HelloRelayr */,
				62F6C7F0199A09E1005BAD0C /* HelloRelayrTests */,
			);
		};
/* End PBXProject section */

/* Begin PBXResourcesBuildPhase section */
		62F6C7D9199A09E1005BAD0C /* Resources */ = {
			isa = PBXResourcesBuildPhase;
			buildActionMask = 2147483647;
			files = (
				62F6C7EA199A09E1005BAD0C /* Main.storyboard in Resources */,
				62F6C7EC199A09E1005BAD0C /* Images.xcassets in Resources */,
			);
			runOnlyForDeploymentPostprocessing = 0;
		};
		62F6C7EF199A09E1005BAD0C /* Resources */ = {
			isa = PBXResourcesBuildPhase;
			buildActionMask = 2147483647;
			files = (
			);
			runOnlyForDeploymentPostprocessing = 0;
		};
/* End PBXResourcesBuildPhase section */

/* Begin PBXSourcesBuildPhase section */
		62F6C7D7199A09E1005BAD0C /* Sources */ = {
			isa = PBXSourcesBuildPhase;
			buildActionMask = 2147483647;
			files = (
				62F6C7E7199A09E1005BAD0C /* ViewController.m in Sources */,
				62F6C7E4199A09E1005BAD0C /* AppDelegate.m in Sources */,
				62F6C7E1199A09E1005BAD0C /* main.m in Sources */,
			);
			runOnlyForDeploymentPostprocessing = 0;
		};
		62F6C7ED199A09E1005BAD0C /* Sources */ = {
			isa = PBXSourcesBuildPhase;
			buildActionMask = 2147483647;
			files = (
				62F6C7F8199A09E1005BAD0C /* HelloRelayrTests.m in Sources */,
			);
			runOnlyForDeploymentPostprocessing = 0;
		};
/* End PBXSourcesBuildPhase section */

/* Begin PBXTargetDependency section */
		62F6C7F3199A09E1005BAD0C /* PBXTargetDependency */ = {
			isa = PBXTargetDependency;
			target = 62F6C7DA199A09E1005BAD0C /* HelloRelayr */;
			targetProxy = 62F6C7F2199A09E1005BAD0C /* PBXContainerItemProxy */;
		};
/* End PBXTargetDependency section */

/* Begin PBXVariantGroup section */
		62F6C7E8199A09E1005BAD0C /* Main.storyboard */ = {
			isa = PBXVariantGroup;
			children = (
				62F6C7E9199A09E1005BAD0C /* Base */,
			);
			name = Main.storyboard;
			sourceTree = "<group>";
		};
/* End PBXVariantGroup section */

/* Begin XCBuildConfiguration section */
		62F6C7F9199A09E1005BAD0C /* Debug */ = {
			isa = XCBuildConfiguration;
			buildSettings = {
				ALWAYS_SEARCH_USER_PATHS = NO;
				CLANG_CXX_LANGUAGE_STANDARD = "gnu++0x";
				CLANG_CXX_LIBRARY = "libc++";
				CLANG_ENABLE_MODULES = YES;
				CLANG_ENABLE_OBJC_ARC = YES;
				CLANG_WARN_BOOL_CONVERSION = YES;
				CLANG_WARN_CONSTANT_CONVERSION = YES;
				CLANG_WARN_DIRECT_OBJC_ISA_USAGE = YES_ERROR;
				CLANG_WARN_EMPTY_BODY = YES;
				CLANG_WARN_ENUM_CONVERSION = YES;
				CLANG_WARN_INT_CONVERSION = YES;
				CLANG_WARN_OBJC_ROOT_CLASS = YES_ERROR;
				CLANG_WARN_UNREACHABLE_CODE = YES;
				CLANG_WARN__DUPLICATE_METHOD_MATCH = YES;
				"CODE_SIGN_IDENTITY[sdk=iphoneos*]" = "iPhone Developer";
				COPY_PHASE_STRIP = NO;
				ENABLE_STRICT_OBJC_MSGSEND = YES;
				GCC_C_LANGUAGE_STANDARD = gnu99;
				GCC_DYNAMIC_NO_PIC = NO;
				GCC_OPTIMIZATION_LEVEL = 0;
				GCC_PREPROCESSOR_DEFINITIONS = (
					"DEBUG=1",
					"$(inherited)",
				);
				GCC_SYMBOLS_PRIVATE_EXTERN = NO;
				GCC_WARN_64_TO_32_BIT_CONVERSION = YES;
				GCC_WARN_ABOUT_RETURN_TYPE = YES_ERROR;
				GCC_WARN_UNDECLARED_SELECTOR = YES;
				GCC_WARN_UNINITIALIZED_AUTOS = YES_AGGRESSIVE;
				GCC_WARN_UNUSED_FUNCTION = YES;
				GCC_WARN_UNUSED_VARIABLE = YES;
				IPHONEOS_DEPLOYMENT_TARGET = 8.0;
				MTL_ENABLE_DEBUG_INFO = YES;
				ONLY_ACTIVE_ARCH = YES;
				SDKROOT = iphoneos;
				TARGETED_DEVICE_FAMILY = "1,2";
			};
			name = Debug;
		};
		62F6C7FA199A09E1005BAD0C /* Release */ = {
			isa = XCBuildConfiguration;
			buildSettings = {
				ALWAYS_SEARCH_USER_PATHS = NO;
				CLANG_CXX_LANGUAGE_STANDARD = "gnu++0x";
				CLANG_CXX_LIBRARY = "libc++";
				CLANG_ENABLE_MODULES = YES;
				CLANG_ENABLE_OBJC_ARC = YES;
				CLANG_WARN_BOOL_CONVERSION = YES;
				CLANG_WARN_CONSTANT_CONVERSION = YES;
				CLANG_WARN_DIRECT_OBJC_ISA_USAGE = YES_ERROR;
				CLANG_WARN_EMPTY_BODY = YES;
				CLANG_WARN_ENUM_CONVERSION = YES;
				CLANG_WARN_INT_CONVERSION = YES;
				CLANG_WARN_OBJC_ROOT_CLASS = YES_ERROR;
				CLANG_WARN_UNREACHABLE_CODE = YES;
				CLANG_WARN__DUPLICATE_METHOD_MATCH = YES;
				"CODE_SIGN_IDENTITY[sdk=iphoneos*]" = "iPhone Developer";
				COPY_PHASE_STRIP = YES;
				ENABLE_NS_ASSERTIONS = NO;
				ENABLE_STRICT_OBJC_MSGSEND = YES;
				GCC_C_LANGUAGE_STANDARD = gnu99;
				GCC_WARN_64_TO_32_BIT_CONVERSION = YES;
				GCC_WARN_ABOUT_RETURN_TYPE = YES_ERROR;
				GCC_WARN_UNDECLARED_SELECTOR = YES;
				GCC_WARN_UNINITIALIZED_AUTOS = YES_AGGRESSIVE;
				GCC_WARN_UNUSED_FUNCTION = YES;
				GCC_WARN_UNUSED_VARIABLE = YES;
				IPHONEOS_DEPLOYMENT_TARGET = 8.0;
				MTL_ENABLE_DEBUG_INFO = NO;
				SDKROOT = iphoneos;
				TARGETED_DEVICE_FAMILY = "1,2";
				VALIDATE_PRODUCT = YES;
			};
			name = Release;
		};
		62F6C7FC199A09E1005BAD0C /* Debug */ = {
			isa = XCBuildConfiguration;
			buildSettings = {
				ASSETCATALOG_COMPILER_APPICON_NAME = AppIcon;
				ASSETCATALOG_COMPILER_LAUNCHIMAGE_NAME = LaunchImage;
				INFOPLIST_FILE = HelloRelayr/Info.plist;
				LD_RUNPATH_SEARCH_PATHS = "$(inherited) @executable_path/Frameworks";
				PRODUCT_NAME = "$(TARGET_NAME)";
			};
			name = Debug;
		};
		62F6C7FD199A09E1005BAD0C /* Release */ = {
			isa = XCBuildConfiguration;
			buildSettings = {
				ASSETCATALOG_COMPILER_APPICON_NAME = AppIcon;
				ASSETCATALOG_COMPILER_LAUNCHIMAGE_NAME = LaunchImage;
				INFOPLIST_FILE = HelloRelayr/Info.plist;
				LD_RUNPATH_SEARCH_PATHS = "$(inherited) @executable_path/Frameworks";
				PRODUCT_NAME = "$(TARGET_NAME)";
			};
			name = Release;
		};
		62F6C7FF199A09E1005BAD0C /* Debug */ = {
			isa = XCBuildConfiguration;
			buildSettings = {
				BUNDLE_LOADER = "$(TEST_HOST)";
				FRAMEWORK_SEARCH_PATHS = (
					"$(SDKROOT)/Developer/Library/Frameworks",
					"$(inherited)",
				);
				GCC_PREPROCESSOR_DEFINITIONS = (
					"DEBUG=1",
					"$(inherited)",
				);
				INFOPLIST_FILE = HelloRelayrTests/Info.plist;
				LD_RUNPATH_SEARCH_PATHS = "$(inherited) @executable_path/Frameworks @loader_path/Frameworks";
				PRODUCT_NAME = "$(TARGET_NAME)";
				TEST_HOST = "$(BUILT_PRODUCTS_DIR)/HelloRelayr.app/HelloRelayr";
			};
			name = Debug;
		};
		62F6C800199A09E1005BAD0C /* Release */ = {
			isa = XCBuildConfiguration;
			buildSettings = {
				BUNDLE_LOADER = "$(TEST_HOST)";
				FRAMEWORK_SEARCH_PATHS = (
					"$(SDKROOT)/Developer/Library/Frameworks",
					"$(inherited)",
				);
				INFOPLIST_FILE = HelloRelayrTests/Info.plist;
				LD_RUNPATH_SEARCH_PATHS = "$(inherited) @executable_path/Frameworks @loader_path/Frameworks";
				PRODUCT_NAME = "$(TARGET_NAME)";
				TEST_HOST = "$(BUILT_PRODUCTS_DIR)/HelloRelayr.app/HelloRelayr";
			};
			name = Release;
		};
/* End XCBuildConfiguration section */

/* Begin XCConfigurationList section */
		62F6C7D6199A09E1005BAD0C /* Build configuration list for PBXProject "HelloRelayr" */ = {
			isa = XCConfigurationList;
			buildConfigurations = (
				62F6C7F9199A09E1005BAD0C /* Debug */,
				62F6C7FA199A09E1005BAD0C /* Release */,
			);
			defaultConfigurationIsVisible = 0;
			defaultConfigurationName = Release;
		};
		62F6C7FB199A09E1005BAD0C /* Build configuration list for PBXNativeTarget "HelloRelayr" */ = {
			isa = XCConfigurationList;
			buildConfigurations = (
				62F6C7FC199A09E1005BAD0C /* Debug */,
				62F6C7FD199A09E1005BAD0C /* Release */,
			);
			defaultConfigurationIsVisible = 0;
		};
		62F6C7FE199A09E1005BAD0C /* Build configuration list for PBXNativeTarget "HelloRelayrTests" */ = {
			isa = XCConfigurationList;
			buildConfigurations = (
				62F6C7FF199A09E1005BAD0C /* Debug */,
				62F6C800199A09E1005BAD0C /* Release */,
			);
			defaultConfigurationIsVisible = 0;
		};
/* End XCConfigurationList section */
	};
	rootObject = 62F6C7D3199A09E1005BAD0C /* Project object */;
}
