// !$*UTF8*$!
{
	archiveVersion = 1;
	classes = {
	};
	objectVersion = 46;
	objects = {

/* Begin PBXBuildFile section */
		6273A18D19A35C7300226BF3 /* Images.xcassets in Resources */ = {isa = PBXBuildFile; fileRef = 6273A18019A35C7300226BF3 /* Images.xcassets */; };
		6273A18E19A35C7300226BF3 /* Relayr.framework in Frameworks */ = {isa = PBXBuildFile; fileRef = 6273A18319A35C7300226BF3 /* Relayr.framework */; };
		6273A18F19A35C7300226BF3 /* Main.storyboard in Resources */ = {isa = PBXBuildFile; fileRef = 6273A18419A35C7300226BF3 /* Main.storyboard */; };
		6273A19019A35C7300226BF3 /* AppDelegate.m in Sources */ = {isa = PBXBuildFile; fileRef = 6273A18719A35C7300226BF3 /* AppDelegate.m */; };
		6273A19119A35C7300226BF3 /* DataViewController.m in Sources */ = {isa = PBXBuildFile; fileRef = 6273A18919A35C7300226BF3 /* DataViewController.m */; };
		6273A19219A35C7300226BF3 /* main.m in Sources */ = {isa = PBXBuildFile; fileRef = 6273A18A19A35C7300226BF3 /* main.m */; };
		6273A19B19A35C8300226BF3 /* iOSAppTests.m in Sources */ = {isa = PBXBuildFile; fileRef = 6273A19819A35C8300226BF3 /* iOSAppTests.m */; };
/* End PBXBuildFile section */

/* Begin PBXContainerItemProxy section */
		6273A17119A35C5200226BF3 /* PBXContainerItemProxy */ = {
			isa = PBXContainerItemProxy;
			containerPortal = 6273A12919A35BE000226BF3 /* Project object */;
			proxyType = 1;
			remoteGlobalIDString = 6273A15A19A35C5200226BF3;
			remoteInfo = iOSApp;
		};
/* End PBXContainerItemProxy section */

/* Begin PBXFileReference section */
		6273A15B19A35C5200226BF3 /* iOSApp.app */ = {isa = PBXFileReference; explicitFileType = wrapper.application; includeInIndex = 0; path = iOSApp.app; sourceTree = BUILT_PRODUCTS_DIR; };
		6273A17019A35C5200226BF3 /* iOSAppTests.xctest */ = {isa = PBXFileReference; explicitFileType = wrapper.cfbundle; includeInIndex = 0; path = iOSAppTests.xctest; sourceTree = BUILT_PRODUCTS_DIR; };
		6273A18019A35C7300226BF3 /* Images.xcassets */ = {isa = PBXFileReference; lastKnownFileType = folder.assetcatalog; path = Images.xcassets; sourceTree = "<group>"; };
		6273A18319A35C7300226BF3 /* Relayr.framework */ = {isa = PBXFileReference; lastKnownFileType = wrapper.framework; path = Relayr.framework; sourceTree = "<group>"; };
		6273A18419A35C7300226BF3 /* Main.storyboard */ = {isa = PBXFileReference; fileEncoding = 4; lastKnownFileType = file.storyboard; path = Main.storyboard; sourceTree = "<group>"; };
		6273A18619A35C7300226BF3 /* AppDelegate.h */ = {isa = PBXFileReference; fileEncoding = 4; lastKnownFileType = sourcecode.c.h; path = AppDelegate.h; sourceTree = "<group>"; };
		6273A18719A35C7300226BF3 /* AppDelegate.m */ = {isa = PBXFileReference; fileEncoding = 4; lastKnownFileType = sourcecode.c.objc; path = AppDelegate.m; sourceTree = "<group>"; };
		6273A18819A35C7300226BF3 /* DataViewController.h */ = {isa = PBXFileReference; fileEncoding = 4; lastKnownFileType = sourcecode.c.h; path = DataViewController.h; sourceTree = "<group>"; };
		6273A18919A35C7300226BF3 /* DataViewController.m */ = {isa = PBXFileReference; fileEncoding = 4; lastKnownFileType = sourcecode.c.objc; path = DataViewController.m; sourceTree = "<group>"; };
		6273A18A19A35C7300226BF3 /* main.m */ = {isa = PBXFileReference; fileEncoding = 4; lastKnownFileType = sourcecode.c.objc; path = main.m; sourceTree = "<group>"; };
		6273A18C19A35C7300226BF3 /* Info.plist */ = {isa = PBXFileReference; fileEncoding = 4; lastKnownFileType = text.plist.xml; path = Info.plist; sourceTree = "<group>"; };
		6273A19819A35C8300226BF3 /* iOSAppTests.m */ = {isa = PBXFileReference; fileEncoding = 4; lastKnownFileType = sourcecode.c.objc; path = iOSAppTests.m; sourceTree = "<group>"; };
		6273A19A19A35C8300226BF3 /* Info.plist */ = {isa = PBXFileReference; fileEncoding = 4; lastKnownFileType = text.plist.xml; path = Info.plist; sourceTree = "<group>"; };
/* End PBXFileReference section */

/* Begin PBXFrameworksBuildPhase section */
		6273A15819A35C5200226BF3 /* Frameworks */ = {
			isa = PBXFrameworksBuildPhase;
			buildActionMask = 2147483647;
			files = (
				6273A18E19A35C7300226BF3 /* Relayr.framework in Frameworks */,
			);
			runOnlyForDeploymentPostprocessing = 0;
		};
		6273A16D19A35C5200226BF3 /* Frameworks */ = {
			isa = PBXFrameworksBuildPhase;
			buildActionMask = 2147483647;
			files = (
			);
			runOnlyForDeploymentPostprocessing = 0;
		};
/* End PBXFrameworksBuildPhase section */

/* Begin PBXGroup section */
		6273A12819A35BE000226BF3 = {
			isa = PBXGroup;
			children = (
				6273A15C19A35C5200226BF3 /* iOSApp */,
				6273A17319A35C5200226BF3 /* iOSAppTests */,
				6273A13219A35BE000226BF3 /* Products */,
			);
			sourceTree = "<group>";
		};
		6273A13219A35BE000226BF3 /* Products */ = {
			isa = PBXGroup;
			children = (
				6273A15B19A35C5200226BF3 /* iOSApp.app */,
				6273A17019A35C5200226BF3 /* iOSAppTests.xctest */,
			);
			name = Products;
			sourceTree = "<group>";
		};
		6273A15C19A35C5200226BF3 /* iOSApp */ = {
			isa = PBXGroup;
			children = (
				6273A17E19A35C7300226BF3 /* Assets */,
				6273A18519A35C7300226BF3 /* Classes */,
				6273A18B19A35C7300226BF3 /* Configuration */,
				6273A19D19A35CE400226BF3 /* Frameworks */,
			);
			path = iOSApp;
			sourceTree = "<group>";
		};
		6273A17319A35C5200226BF3 /* iOSAppTests */ = {
			isa = PBXGroup;
			children = (
				6273A19419A35C8300226BF3 /* Assets */,
				6273A19719A35C8300226BF3 /* Classes */,
				6273A19919A35C8300226BF3 /* Configuration */,
				6273A19E19A35CF900226BF3 /* Frameworks */,
			);
			path = iOSAppTests;
			sourceTree = "<group>";
		};
		6273A17E19A35C7300226BF3 /* Assets */ = {
			isa = PBXGroup;
			children = (
				6273A17F19A35C7300226BF3 /* Images */,
				6273A18119A35C7300226BF3 /* Storyboards */,
			);
			path = Assets;
			sourceTree = "<group>";
		};
		6273A17F19A35C7300226BF3 /* Images */ = {
			isa = PBXGroup;
			children = (
				6273A18019A35C7300226BF3 /* Images.xcassets */,
			);
			path = Images;
			sourceTree = "<group>";
		};
		6273A18119A35C7300226BF3 /* Storyboards */ = {
			isa = PBXGroup;
			children = (
				6273A18219A35C7300226BF3 /* Frameworks */,
				6273A18419A35C7300226BF3 /* Main.storyboard */,
			);
			path = Storyboards;
			sourceTree = "<group>";
		};
		6273A18219A35C7300226BF3 /* Frameworks */ = {
			isa = PBXGroup;
			children = (
				6273A18319A35C7300226BF3 /* Relayr.framework */,
			);
			path = Frameworks;
			sourceTree = "<group>";
		};
		6273A18519A35C7300226BF3 /* Classes */ = {
			isa = PBXGroup;
			children = (
				6273A18619A35C7300226BF3 /* AppDelegate.h */,
				6273A18719A35C7300226BF3 /* AppDelegate.m */,
				6273A18819A35C7300226BF3 /* DataViewController.h */,
				6273A18919A35C7300226BF3 /* DataViewController.m */,
				6273A18A19A35C7300226BF3 /* main.m */,
			);
			path = Classes;
			sourceTree = "<group>";
		};
		6273A18B19A35C7300226BF3 /* Configuration */ = {
			isa = PBXGroup;
			children = (
				6273A18C19A35C7300226BF3 /* Info.plist */,
			);
			path = Configuration;
			sourceTree = "<group>";
		};
		6273A19419A35C8300226BF3 /* Assets */ = {
			isa = PBXGroup;
			children = (
				6273A19519A35C8300226BF3 /* Images */,
				6273A19619A35C8300226BF3 /* Storyboards */,
			);
			path = Assets;
			sourceTree = "<group>";
		};
		6273A19519A35C8300226BF3 /* Images */ = {
			isa = PBXGroup;
			children = (
			);
			path = Images;
			sourceTree = "<group>";
		};
		6273A19619A35C8300226BF3 /* Storyboards */ = {
			isa = PBXGroup;
			children = (
			);
			path = Storyboards;
			sourceTree = "<group>";
		};
		6273A19719A35C8300226BF3 /* Classes */ = {
			isa = PBXGroup;
			children = (
				6273A19819A35C8300226BF3 /* iOSAppTests.m */,
			);
			path = Classes;
			sourceTree = "<group>";
		};
		6273A19919A35C8300226BF3 /* Configuration */ = {
			isa = PBXGroup;
			children = (
				6273A19A19A35C8300226BF3 /* Info.plist */,
			);
			path = Configuration;
			sourceTree = "<group>";
		};
		6273A19D19A35CE400226BF3 /* Frameworks */ = {
			isa = PBXGroup;
			children = (
			);
			name = Frameworks;
			sourceTree = "<group>";
		};
		6273A19E19A35CF900226BF3 /* Frameworks */ = {
			isa = PBXGroup;
			children = (
			);
			name = Frameworks;
			sourceTree = "<group>";
		};
/* End PBXGroup section */

/* Begin PBXNativeTarget section */
		6273A15A19A35C5200226BF3 /* iOSApp */ = {
			isa = PBXNativeTarget;
			buildConfigurationList = 6273A17819A35C5200226BF3 /* Build configuration list for PBXNativeTarget "iOSApp" */;
			buildPhases = (
				6273A15719A35C5200226BF3 /* Sources */,
				6273A15819A35C5200226BF3 /* Frameworks */,
				6273A15919A35C5200226BF3 /* Resources */,
			);
			buildRules = (
			);
			dependencies = (
			);
			name = iOSApp;
			productName = iOSApp;
			productReference = 6273A15B19A35C5200226BF3 /* iOSApp.app */;
			productType = "com.apple.product-type.application";
		};
		6273A16F19A35C5200226BF3 /* iOSAppTests */ = {
			isa = PBXNativeTarget;
			buildConfigurationList = 6273A17B19A35C5200226BF3 /* Build configuration list for PBXNativeTarget "iOSAppTests" */;
			buildPhases = (
				6273A16C19A35C5200226BF3 /* Sources */,
				6273A16D19A35C5200226BF3 /* Frameworks */,
				6273A16E19A35C5200226BF3 /* Resources */,
			);
			buildRules = (
			);
			dependencies = (
				6273A17219A35C5200226BF3 /* PBXTargetDependency */,
			);
			name = iOSAppTests;
			productName = iOSAppTests;
			productReference = 6273A17019A35C5200226BF3 /* iOSAppTests.xctest */;
			productType = "com.apple.product-type.bundle.unit-test";
		};
/* End PBXNativeTarget section */

/* Begin PBXProject section */
		6273A12919A35BE000226BF3 /* Project object */ = {
			isa = PBXProject;
			attributes = {
				LastUpgradeCheck = 0600;
				ORGANIZATIONNAME = Relayr;
				TargetAttributes = {
					6273A15A19A35C5200226BF3 = {
						CreatedOnToolsVersion = 6.0;
					};
					6273A16F19A35C5200226BF3 = {
						CreatedOnToolsVersion = 6.0;
						TestTargetID = 6273A15A19A35C5200226BF3;
					};
				};
			};
			buildConfigurationList = 6273A12C19A35BE000226BF3 /* Build configuration list for PBXProject "HelloRelayr" */;
			compatibilityVersion = "Xcode 3.2";
			developmentRegion = English;
			hasScannedForEncodings = 0;
			knownRegions = (
				en,
				Base,
			);
			mainGroup = 6273A12819A35BE000226BF3;
			productRefGroup = 6273A13219A35BE000226BF3 /* Products */;
			projectDirPath = "";
			projectRoot = "";
			targets = (
				6273A15A19A35C5200226BF3 /* iOSApp */,
				6273A16F19A35C5200226BF3 /* iOSAppTests */,
			);
		};
/* End PBXProject section */

/* Begin PBXResourcesBuildPhase section */
		6273A15919A35C5200226BF3 /* Resources */ = {
			isa = PBXResourcesBuildPhase;
			buildActionMask = 2147483647;
			files = (
				6273A18D19A35C7300226BF3 /* Images.xcassets in Resources */,
				6273A18F19A35C7300226BF3 /* Main.storyboard in Resources */,
			);
			runOnlyForDeploymentPostprocessing = 0;
		};
		6273A16E19A35C5200226BF3 /* Resources */ = {
			isa = PBXResourcesBuildPhase;
			buildActionMask = 2147483647;
			files = (
			);
			runOnlyForDeploymentPostprocessing = 0;
		};
/* End PBXResourcesBuildPhase section */

/* Begin PBXSourcesBuildPhase section */
		6273A15719A35C5200226BF3 /* Sources */ = {
			isa = PBXSourcesBuildPhase;
			buildActionMask = 2147483647;
			files = (
				6273A19119A35C7300226BF3 /* DataViewController.m in Sources */,
				6273A19219A35C7300226BF3 /* main.m in Sources */,
				6273A19019A35C7300226BF3 /* AppDelegate.m in Sources */,
			);
			runOnlyForDeploymentPostprocessing = 0;
		};
		6273A16C19A35C5200226BF3 /* Sources */ = {
			isa = PBXSourcesBuildPhase;
			buildActionMask = 2147483647;
			files = (
				6273A19B19A35C8300226BF3 /* iOSAppTests.m in Sources */,
			);
			runOnlyForDeploymentPostprocessing = 0;
		};
/* End PBXSourcesBuildPhase section */

/* Begin PBXTargetDependency section */
		6273A17219A35C5200226BF3 /* PBXTargetDependency */ = {
			isa = PBXTargetDependency;
			target = 6273A15A19A35C5200226BF3 /* iOSApp */;
			targetProxy = 6273A17119A35C5200226BF3 /* PBXContainerItemProxy */;
		};
/* End PBXTargetDependency section */

/* Begin XCBuildConfiguration section */
		6273A14F19A35BE100226BF3 /* Debug */ = {
			isa = XCBuildConfiguration;
			buildSettings = {
				ALWAYS_SEARCH_USER_PATHS = NO;
				CLANG_CXX_LANGUAGE_STANDARD = "gnu++0x";
				CLANG_CXX_LIBRARY = "libc++";
				CLANG_ENABLE_MODULES = YES;
				CLANG_ENABLE_OBJC_ARC = YES;
				CLANG_WARN_BOOL_CONVERSION = YES;
				CLANG_WARN_CONSTANT_CONVERSION = YES;
				CLANG_WARN_DIRECT_OBJC_ISA_USAGE = YES_ERROR;
				CLANG_WARN_EMPTY_BODY = YES;
				CLANG_WARN_ENUM_CONVERSION = YES;
				CLANG_WARN_INT_CONVERSION = YES;
				CLANG_WARN_OBJC_ROOT_CLASS = YES_ERROR;
				CLANG_WARN_UNREACHABLE_CODE = YES;
				CLANG_WARN__DUPLICATE_METHOD_MATCH = YES;
				"CODE_SIGN_IDENTITY[sdk=iphoneos*]" = "iPhone Developer";
				COPY_PHASE_STRIP = NO;
				ENABLE_STRICT_OBJC_MSGSEND = YES;
				GCC_C_LANGUAGE_STANDARD = gnu99;
				GCC_DYNAMIC_NO_PIC = NO;
				GCC_OPTIMIZATION_LEVEL = 0;
				GCC_PREPROCESSOR_DEFINITIONS = (
					"DEBUG=1",
					"$(inherited)",
				);
				GCC_SYMBOLS_PRIVATE_EXTERN = NO;
				GCC_WARN_64_TO_32_BIT_CONVERSION = YES;
				GCC_WARN_ABOUT_RETURN_TYPE = YES_ERROR;
				GCC_WARN_UNDECLARED_SELECTOR = YES;
				GCC_WARN_UNINITIALIZED_AUTOS = YES_AGGRESSIVE;
				GCC_WARN_UNUSED_FUNCTION = YES;
				GCC_WARN_UNUSED_VARIABLE = YES;
				IPHONEOS_DEPLOYMENT_TARGET = 8.0;
				MTL_ENABLE_DEBUG_INFO = YES;
				ONLY_ACTIVE_ARCH = YES;
				SDKROOT = iphoneos;
				TARGETED_DEVICE_FAMILY = "1,2";
			};
			name = Debug;
		};
		6273A15019A35BE100226BF3 /* Release */ = {
			isa = XCBuildConfiguration;
			buildSettings = {
				ALWAYS_SEARCH_USER_PATHS = NO;
				CLANG_CXX_LANGUAGE_STANDARD = "gnu++0x";
				CLANG_CXX_LIBRARY = "libc++";
				CLANG_ENABLE_MODULES = YES;
				CLANG_ENABLE_OBJC_ARC = YES;
				CLANG_WARN_BOOL_CONVERSION = YES;
				CLANG_WARN_CONSTANT_CONVERSION = YES;
				CLANG_WARN_DIRECT_OBJC_ISA_USAGE = YES_ERROR;
				CLANG_WARN_EMPTY_BODY = YES;
				CLANG_WARN_ENUM_CONVERSION = YES;
				CLANG_WARN_INT_CONVERSION = YES;
				CLANG_WARN_OBJC_ROOT_CLASS = YES_ERROR;
				CLANG_WARN_UNREACHABLE_CODE = YES;
				CLANG_WARN__DUPLICATE_METHOD_MATCH = YES;
				"CODE_SIGN_IDENTITY[sdk=iphoneos*]" = "iPhone Developer";
				COPY_PHASE_STRIP = YES;
				ENABLE_NS_ASSERTIONS = NO;
				ENABLE_STRICT_OBJC_MSGSEND = YES;
				GCC_C_LANGUAGE_STANDARD = gnu99;
				GCC_WARN_64_TO_32_BIT_CONVERSION = YES;
				GCC_WARN_ABOUT_RETURN_TYPE = YES_ERROR;
				GCC_WARN_UNDECLARED_SELECTOR = YES;
				GCC_WARN_UNINITIALIZED_AUTOS = YES_AGGRESSIVE;
				GCC_WARN_UNUSED_FUNCTION = YES;
				GCC_WARN_UNUSED_VARIABLE = YES;
				IPHONEOS_DEPLOYMENT_TARGET = 8.0;
				MTL_ENABLE_DEBUG_INFO = NO;
				SDKROOT = iphoneos;
				TARGETED_DEVICE_FAMILY = "1,2";
				VALIDATE_PRODUCT = YES;
			};
			name = Release;
		};
		6273A17919A35C5200226BF3 /* Debug */ = {
			isa = XCBuildConfiguration;
			buildSettings = {
				ASSETCATALOG_COMPILER_APPICON_NAME = AppIcon;
				ASSETCATALOG_COMPILER_LAUNCHIMAGE_NAME = LaunchImage;
				FRAMEWORK_SEARCH_PATHS = (
					"$(inherited)",
					"$(PROJECT_DIR)/iOSApp/Assets/Storyboards/Frameworks",
				);
				GCC_PREPROCESSOR_DEFINITIONS = (
					"DEBUG=1",
					"$(inherited)",
				);
				INFOPLIST_FILE = iOSApp/Configuration/Info.plist;
				LD_RUNPATH_SEARCH_PATHS = "$(inherited) @executable_path/Frameworks";
				PRODUCT_NAME = "$(TARGET_NAME)";
			};
			name = Debug;
		};
		6273A17A19A35C5200226BF3 /* Release */ = {
			isa = XCBuildConfiguration;
			buildSettings = {
				ASSETCATALOG_COMPILER_APPICON_NAME = AppIcon;
				ASSETCATALOG_COMPILER_LAUNCHIMAGE_NAME = LaunchImage;
				FRAMEWORK_SEARCH_PATHS = (
					"$(inherited)",
					"$(PROJECT_DIR)/iOSApp/Assets/Storyboards/Frameworks",
				);
				INFOPLIST_FILE = iOSApp/Configuration/Info.plist;
				LD_RUNPATH_SEARCH_PATHS = "$(inherited) @executable_path/Frameworks";
				PRODUCT_NAME = "$(TARGET_NAME)";
			};
			name = Release;
		};
		6273A17C19A35C5200226BF3 /* Debug */ = {
			isa = XCBuildConfiguration;
			buildSettings = {
				BUNDLE_LOADER = "$(TEST_HOST)";
				FRAMEWORK_SEARCH_PATHS = (
					"$(SDKROOT)/Developer/Library/Frameworks",
					"$(inherited)",
				);
				GCC_PREPROCESSOR_DEFINITIONS = (
					"DEBUG=1",
					"$(inherited)",
				);
				INFOPLIST_FILE = iOSAppTests/Configuration/Info.plist;
				LD_RUNPATH_SEARCH_PATHS = "$(inherited) @executable_path/Frameworks @loader_path/Frameworks";
				PRODUCT_NAME = "$(TARGET_NAME)";
				TEST_HOST = "$(BUILT_PRODUCTS_DIR)/iOSApp.app/iOSApp";
			};
			name = Debug;
		};
		6273A17D19A35C5200226BF3 /* Release */ = {
			isa = XCBuildConfiguration;
			buildSettings = {
				BUNDLE_LOADER = "$(TEST_HOST)";
				FRAMEWORK_SEARCH_PATHS = (
					"$(SDKROOT)/Developer/Library/Frameworks",
					"$(inherited)",
				);
				INFOPLIST_FILE = iOSAppTests/Configuration/Info.plist;
				LD_RUNPATH_SEARCH_PATHS = "$(inherited) @executable_path/Frameworks @loader_path/Frameworks";
				PRODUCT_NAME = "$(TARGET_NAME)";
				TEST_HOST = "$(BUILT_PRODUCTS_DIR)/iOSApp.app/iOSApp";
			};
			name = Release;
		};
/* End XCBuildConfiguration section */

/* Begin XCConfigurationList section */
		6273A12C19A35BE000226BF3 /* Build configuration list for PBXProject "HelloRelayr" */ = {
			isa = XCConfigurationList;
			buildConfigurations = (
				6273A14F19A35BE100226BF3 /* Debug */,
				6273A15019A35BE100226BF3 /* Release */,
			);
			defaultConfigurationIsVisible = 0;
			defaultConfigurationName = Release;
		};
		6273A17819A35C5200226BF3 /* Build configuration list for PBXNativeTarget "iOSApp" */ = {
			isa = XCConfigurationList;
			buildConfigurations = (
				6273A17919A35C5200226BF3 /* Debug */,
				6273A17A19A35C5200226BF3 /* Release */,
			);
			defaultConfigurationIsVisible = 0;
		};
		6273A17B19A35C5200226BF3 /* Build configuration list for PBXNativeTarget "iOSAppTests" */ = {
			isa = XCConfigurationList;
			buildConfigurations = (
				6273A17C19A35C5200226BF3 /* Debug */,
				6273A17D19A35C5200226BF3 /* Release */,
			);
			defaultConfigurationIsVisible = 0;
		};
/* End XCConfigurationList section */
	};
	rootObject = 6273A12919A35BE000226BF3 /* Project object */;
}
