// !$*UTF8*$!
{
	archiveVersion = 1;
	classes = {
	};
	objectVersion = 46;
	objects = {

/* Begin PBXBuildFile section */
		7DD004F019D2F2110080556C /* Images.xcassets in Resources */ = {isa = PBXBuildFile; fileRef = 7DD004E319D2F2110080556C /* Images.xcassets */; };
		7DD004F119D2F2110080556C /* LaunchScreen.xib in Resources */ = {isa = PBXBuildFile; fileRef = 7DD004E519D2F2110080556C /* LaunchScreen.xib */; };
		7DD004F219D2F2110080556C /* Main.storyboard in Resources */ = {isa = PBXBuildFile; fileRef = 7DD004E619D2F2110080556C /* Main.storyboard */; };
		7DD004F319D2F2110080556C /* AppDelegate.m in Sources */ = {isa = PBXBuildFile; fileRef = 7DD004E919D2F2110080556C /* AppDelegate.m */; };
		7DD004F419D2F2110080556C /* main.m in Sources */ = {isa = PBXBuildFile; fileRef = 7DD004EA19D2F2110080556C /* main.m */; };
		7DD004F519D2F2110080556C /* ViewController.m in Sources */ = {isa = PBXBuildFile; fileRef = 7DD004ED19D2F2110080556C /* ViewController.m */; };
		7DD004FB19D2F2570080556C /* iOSSamplesTests.m in Sources */ = {isa = PBXBuildFile; fileRef = 7DD004F819D2F2570080556C /* iOSSamplesTests.m */; };
		7DD0050719D300330080556C /* Relayr.framework in Frameworks */ = {isa = PBXBuildFile; fileRef = 7DD0050519D300200080556C /* Relayr.framework */; };
		7DD0050819D300330080556C /* Relayr.framework in Embed Frameworks */ = {isa = PBXBuildFile; fileRef = 7DD0050519D300200080556C /* Relayr.framework */; settings = {ATTRIBUTES = (CodeSignOnCopy, RemoveHeadersOnCopy, ); }; };
/* End PBXBuildFile section */

/* Begin PBXContainerItemProxy section */
		7DD004D319D2F0AF0080556C /* PBXContainerItemProxy */ = {
			isa = PBXContainerItemProxy;
			containerPortal = 7DD004B119D2F0AF0080556C /* Project object */;
			proxyType = 1;
			remoteGlobalIDString = 7DD004B819D2F0AF0080556C;
			remoteInfo = iOSSamples;
		};
		7DD004FD19D2F5BC0080556C /* PBXContainerItemProxy */ = {
			isa = PBXContainerItemProxy;
			containerPortal = 7DD004B119D2F0AF0080556C /* Project object */;
			proxyType = 1;
			remoteGlobalIDString = 7DD004B819D2F0AF0080556C;
			remoteInfo = iOSSamples;
		};
		7DD004FF19D2F5BD0080556C /* PBXContainerItemProxy */ = {
			isa = PBXContainerItemProxy;
			containerPortal = 7DD004B119D2F0AF0080556C /* Project object */;
			proxyType = 1;
			remoteGlobalIDString = 7DD004B819D2F0AF0080556C;
			remoteInfo = iOSSamples;
		};
		7DD0050119D2F5C10080556C /* PBXContainerItemProxy */ = {
			isa = PBXContainerItemProxy;
			containerPortal = 7DD004B119D2F0AF0080556C /* Project object */;
			proxyType = 1;
			remoteGlobalIDString = 7DD004B819D2F0AF0080556C;
			remoteInfo = iOSSamples;
		};
/* End PBXContainerItemProxy section */

/* Begin PBXCopyFilesBuildPhase section */
		7DD0050919D300330080556C /* Embed Frameworks */ = {
			isa = PBXCopyFilesBuildPhase;
			buildActionMask = 2147483647;
			dstPath = "";
			dstSubfolderSpec = 10;
			files = (
				7DD0050819D300330080556C /* Relayr.framework in Embed Frameworks */,
			);
			name = "Embed Frameworks";
			runOnlyForDeploymentPostprocessing = 0;
		};
/* End PBXCopyFilesBuildPhase section */

/* Begin PBXFileReference section */
		7DD004B919D2F0AF0080556C /* iOSSamples.app */ = {isa = PBXFileReference; explicitFileType = wrapper.application; includeInIndex = 0; path = iOSSamples.app; sourceTree = BUILT_PRODUCTS_DIR; };
		7DD004D219D2F0AF0080556C /* iOSSamplesTests.xctest */ = {isa = PBXFileReference; explicitFileType = wrapper.cfbundle; includeInIndex = 0; path = iOSSamplesTests.xctest; sourceTree = BUILT_PRODUCTS_DIR; };
		7DD004E319D2F2110080556C /* Images.xcassets */ = {isa = PBXFileReference; lastKnownFileType = folder.assetcatalog; path = Images.xcassets; sourceTree = "<group>"; };
		7DD004E519D2F2110080556C /* LaunchScreen.xib */ = {isa = PBXFileReference; fileEncoding = 4; lastKnownFileType = file.xib; path = LaunchScreen.xib; sourceTree = "<group>"; };
		7DD004E619D2F2110080556C /* Main.storyboard */ = {isa = PBXFileReference; fileEncoding = 4; lastKnownFileType = file.storyboard; path = Main.storyboard; sourceTree = "<group>"; };
		7DD004E819D2F2110080556C /* AppDelegate.h */ = {isa = PBXFileReference; fileEncoding = 4; lastKnownFileType = sourcecode.c.h; path = AppDelegate.h; sourceTree = "<group>"; };
		7DD004E919D2F2110080556C /* AppDelegate.m */ = {isa = PBXFileReference; fileEncoding = 4; lastKnownFileType = sourcecode.c.objc; path = AppDelegate.m; sourceTree = "<group>"; };
		7DD004EA19D2F2110080556C /* main.m */ = {isa = PBXFileReference; fileEncoding = 4; lastKnownFileType = sourcecode.c.objc; path = main.m; sourceTree = "<group>"; };
		7DD004EC19D2F2110080556C /* ViewController.h */ = {isa = PBXFileReference; fileEncoding = 4; lastKnownFileType = sourcecode.c.h; path = ViewController.h; sourceTree = "<group>"; };
		7DD004ED19D2F2110080556C /* ViewController.m */ = {isa = PBXFileReference; fileEncoding = 4; lastKnownFileType = sourcecode.c.objc; path = ViewController.m; sourceTree = "<group>"; };
		7DD004EF19D2F2110080556C /* Info.plist */ = {isa = PBXFileReference; fileEncoding = 4; lastKnownFileType = text.plist.xml; path = Info.plist; sourceTree = "<group>"; };
		7DD004F819D2F2570080556C /* iOSSamplesTests.m */ = {isa = PBXFileReference; fileEncoding = 4; lastKnownFileType = sourcecode.c.objc; path = iOSSamplesTests.m; sourceTree = "<group>"; };
		7DD004FA19D2F2570080556C /* Info.plist */ = {isa = PBXFileReference; fileEncoding = 4; lastKnownFileType = text.plist.xml; path = Info.plist; sourceTree = "<group>"; };
		7DD0050519D300200080556C /* Relayr.framework */ = {isa = PBXFileReference; lastKnownFileType = wrapper.framework; path = Relayr.framework; sourceTree = "<group>"; };
/* End PBXFileReference section */

/* Begin PBXFrameworksBuildPhase section */
		7DD004B619D2F0AF0080556C /* Frameworks */ = {
			isa = PBXFrameworksBuildPhase;
			buildActionMask = 2147483647;
			files = (
				7DD0050719D300330080556C /* Relayr.framework in Frameworks */,
			);
			runOnlyForDeploymentPostprocessing = 0;
		};
		7DD004CF19D2F0AF0080556C /* Frameworks */ = {
			isa = PBXFrameworksBuildPhase;
			buildActionMask = 2147483647;
			files = (
			);
			runOnlyForDeploymentPostprocessing = 0;
		};
/* End PBXFrameworksBuildPhase section */

/* Begin PBXGroup section */
		7DD004B019D2F0AF0080556C = {
			isa = PBXGroup;
			children = (
				7DD004BB19D2F0AF0080556C /* iOSSamples */,
				7DD004D519D2F0AF0080556C /* iOSSamplesTests */,
				7DD004BA19D2F0AF0080556C /* Products */,
			);
			sourceTree = "<group>";
		};
		7DD004BA19D2F0AF0080556C /* Products */ = {
			isa = PBXGroup;
			children = (
				7DD004B919D2F0AF0080556C /* iOSSamples.app */,
				7DD004D219D2F0AF0080556C /* iOSSamplesTests.xctest */,
			);
			name = Products;
			sourceTree = "<group>";
		};
		7DD004BB19D2F0AF0080556C /* iOSSamples */ = {
			isa = PBXGroup;
			children = (
				7DD004E219D2F2110080556C /* Assets */,
				7DD004E719D2F2110080556C /* Classes */,
				7DD004EE19D2F2110080556C /* Configuration */,
				7DD0050419D3000D0080556C /* Frameworks */,
			);
			path = iOSSamples;
			sourceTree = "<group>";
		};
		7DD004D519D2F0AF0080556C /* iOSSamplesTests */ = {
			isa = PBXGroup;
			children = (
				7DD004F719D2F2570080556C /* Classes */,
				7DD004F919D2F2570080556C /* Configuration */,
			);
			path = iOSSamplesTests;
			sourceTree = "<group>";
		};
		7DD004E219D2F2110080556C /* Assets */ = {
			isa = PBXGroup;
			children = (
				7DD004E319D2F2110080556C /* Images.xcassets */,
				7DD004E419D2F2110080556C /* Storyboards */,
			);
			path = Assets;
			sourceTree = "<group>";
		};
		7DD004E419D2F2110080556C /* Storyboards */ = {
			isa = PBXGroup;
			children = (
				7DD004E519D2F2110080556C /* LaunchScreen.xib */,
				7DD004E619D2F2110080556C /* Main.storyboard */,
			);
			path = Storyboards;
			sourceTree = "<group>";
		};
		7DD004E719D2F2110080556C /* Classes */ = {
			isa = PBXGroup;
			children = (
				7DD004EA19D2F2110080556C /* main.m */,
				7DD004E819D2F2110080556C /* AppDelegate.h */,
				7DD004E919D2F2110080556C /* AppDelegate.m */,
				7DD004EB19D2F2110080556C /* ViewController */,
			);
			path = Classes;
			sourceTree = "<group>";
		};
		7DD004EB19D2F2110080556C /* ViewController */ = {
			isa = PBXGroup;
			children = (
				7DD004EC19D2F2110080556C /* ViewController.h */,
				7DD004ED19D2F2110080556C /* ViewController.m */,
			);
			path = ViewController;
			sourceTree = "<group>";
		};
		7DD004EE19D2F2110080556C /* Configuration */ = {
			isa = PBXGroup;
			children = (
				7DD004EF19D2F2110080556C /* Info.plist */,
			);
			path = Configuration;
			sourceTree = "<group>";
		};
		7DD004F719D2F2570080556C /* Classes */ = {
			isa = PBXGroup;
			children = (
				7DD004F819D2F2570080556C /* iOSSamplesTests.m */,
			);
			path = Classes;
			sourceTree = "<group>";
		};
		7DD004F919D2F2570080556C /* Configuration */ = {
			isa = PBXGroup;
			children = (
				7DD004FA19D2F2570080556C /* Info.plist */,
			);
			path = Configuration;
			sourceTree = "<group>";
		};
		7DD0050419D3000D0080556C /* Frameworks */ = {
			isa = PBXGroup;
			children = (
				7DD0050519D300200080556C /* Relayr.framework */,
			);
			path = Frameworks;
			sourceTree = "<group>";
		};
/* End PBXGroup section */

/* Begin PBXNativeTarget section */
		7DD004B819D2F0AF0080556C /* iOSSamples */ = {
			isa = PBXNativeTarget;
			buildConfigurationList = 7DD004DC19D2F0AF0080556C /* Build configuration list for PBXNativeTarget "iOSSamples" */;
			buildPhases = (
				7DD004B519D2F0AF0080556C /* Sources */,
				7DD004B619D2F0AF0080556C /* Frameworks */,
				7DD004B719D2F0AF0080556C /* Resources */,
				7DD0050919D300330080556C /* Embed Frameworks */,
			);
			buildRules = (
			);
			dependencies = (
			);
			name = iOSSamples;
			productName = iOSSamples;
			productReference = 7DD004B919D2F0AF0080556C /* iOSSamples.app */;
			productType = "com.apple.product-type.application";
		};
		7DD004D119D2F0AF0080556C /* iOSSamplesTests */ = {
			isa = PBXNativeTarget;
			buildConfigurationList = 7DD004DF19D2F0AF0080556C /* Build configuration list for PBXNativeTarget "iOSSamplesTests" */;
			buildPhases = (
				7DD004CE19D2F0AF0080556C /* Sources */,
				7DD004CF19D2F0AF0080556C /* Frameworks */,
				7DD004D019D2F0AF0080556C /* Resources */,
			);
			buildRules = (
			);
			dependencies = (
				7DD004D419D2F0AF0080556C /* PBXTargetDependency */,
				7DD004FE19D2F5BC0080556C /* PBXTargetDependency */,
				7DD0050019D2F5BD0080556C /* PBXTargetDependency */,
				7DD0050219D2F5C10080556C /* PBXTargetDependency */,
			);
			name = iOSSamplesTests;
			productName = iOSSamplesTests;
			productReference = 7DD004D219D2F0AF0080556C /* iOSSamplesTests.xctest */;
			productType = "com.apple.product-type.bundle.unit-test";
		};
/* End PBXNativeTarget section */

/* Begin PBXProject section */
		7DD004B119D2F0AF0080556C /* Project object */ = {
			isa = PBXProject;
			attributes = {
				LastUpgradeCheck = 0600;
				ORGANIZATIONNAME = relayr;
				TargetAttributes = {
					7DD004B819D2F0AF0080556C = {
						CreatedOnToolsVersion = 6.0;
						DevelopmentTeam = 5ZLES864DD;
					};
					7DD004D119D2F0AF0080556C = {
						CreatedOnToolsVersion = 6.0;
						TestTargetID = 7DD004B819D2F0AF0080556C;
					};
				};
			};
			buildConfigurationList = 7DD004B419D2F0AF0080556C /* Build configuration list for PBXProject "iOSSamples" */;
			compatibilityVersion = "Xcode 3.2";
			developmentRegion = English;
			hasScannedForEncodings = 0;
			knownRegions = (
				en,
				Base,
			);
			mainGroup = 7DD004B019D2F0AF0080556C;
			productRefGroup = 7DD004BA19D2F0AF0080556C /* Products */;
			projectDirPath = "";
			projectRoot = "";
			targets = (
				7DD004B819D2F0AF0080556C /* iOSSamples */,
				7DD004D119D2F0AF0080556C /* iOSSamplesTests */,
			);
		};
/* End PBXProject section */

/* Begin PBXResourcesBuildPhase section */
		7DD004B719D2F0AF0080556C /* Resources */ = {
			isa = PBXResourcesBuildPhase;
			buildActionMask = 2147483647;
			files = (
				7DD004F219D2F2110080556C /* Main.storyboard in Resources */,
				7DD004F119D2F2110080556C /* LaunchScreen.xib in Resources */,
				7DD004F019D2F2110080556C /* Images.xcassets in Resources */,
			);
			runOnlyForDeploymentPostprocessing = 0;
		};
		7DD004D019D2F0AF0080556C /* Resources */ = {
			isa = PBXResourcesBuildPhase;
			buildActionMask = 2147483647;
			files = (
			);
			runOnlyForDeploymentPostprocessing = 0;
		};
/* End PBXResourcesBuildPhase section */

/* Begin PBXSourcesBuildPhase section */
		7DD004B519D2F0AF0080556C /* Sources */ = {
			isa = PBXSourcesBuildPhase;
			buildActionMask = 2147483647;
			files = (
				7DD004F519D2F2110080556C /* ViewController.m in Sources */,
				7DD004F419D2F2110080556C /* main.m in Sources */,
				7DD004F319D2F2110080556C /* AppDelegate.m in Sources */,
			);
			runOnlyForDeploymentPostprocessing = 0;
		};
		7DD004CE19D2F0AF0080556C /* Sources */ = {
			isa = PBXSourcesBuildPhase;
			buildActionMask = 2147483647;
			files = (
				7DD004FB19D2F2570080556C /* iOSSamplesTests.m in Sources */,
			);
			runOnlyForDeploymentPostprocessing = 0;
		};
/* End PBXSourcesBuildPhase section */

/* Begin PBXTargetDependency section */
		7DD004D419D2F0AF0080556C /* PBXTargetDependency */ = {
			isa = PBXTargetDependency;
			target = 7DD004B819D2F0AF0080556C /* iOSSamples */;
			targetProxy = 7DD004D319D2F0AF0080556C /* PBXContainerItemProxy */;
		};
		7DD004FE19D2F5BC0080556C /* PBXTargetDependency */ = {
			isa = PBXTargetDependency;
			target = 7DD004B819D2F0AF0080556C /* iOSSamples */;
			targetProxy = 7DD004FD19D2F5BC0080556C /* PBXContainerItemProxy */;
		};
		7DD0050019D2F5BD0080556C /* PBXTargetDependency */ = {
			isa = PBXTargetDependency;
			target = 7DD004B819D2F0AF0080556C /* iOSSamples */;
			targetProxy = 7DD004FF19D2F5BD0080556C /* PBXContainerItemProxy */;
		};
		7DD0050219D2F5C10080556C /* PBXTargetDependency */ = {
			isa = PBXTargetDependency;
			target = 7DD004B819D2F0AF0080556C /* iOSSamples */;
			targetProxy = 7DD0050119D2F5C10080556C /* PBXContainerItemProxy */;
		};
/* End PBXTargetDependency section */

/* Begin XCBuildConfiguration section */
		7DD004DA19D2F0AF0080556C /* Debug */ = {
			isa = XCBuildConfiguration;
			buildSettings = {
				ALWAYS_SEARCH_USER_PATHS = NO;
				CLANG_CXX_LANGUAGE_STANDARD = "gnu++0x";
				CLANG_CXX_LIBRARY = "libc++";
				CLANG_ENABLE_MODULES = YES;
				CLANG_ENABLE_OBJC_ARC = YES;
				CLANG_WARN_BOOL_CONVERSION = YES;
				CLANG_WARN_CONSTANT_CONVERSION = YES;
				CLANG_WARN_DIRECT_OBJC_ISA_USAGE = YES_ERROR;
				CLANG_WARN_EMPTY_BODY = YES;
				CLANG_WARN_ENUM_CONVERSION = YES;
				CLANG_WARN_INT_CONVERSION = YES;
				CLANG_WARN_OBJC_ROOT_CLASS = YES_ERROR;
				CLANG_WARN_UNREACHABLE_CODE = YES;
				CLANG_WARN__DUPLICATE_METHOD_MATCH = YES;
				"CODE_SIGN_IDENTITY[sdk=iphoneos*]" = "iPhone Developer";
				COPY_PHASE_STRIP = NO;
				ENABLE_STRICT_OBJC_MSGSEND = YES;
				GCC_C_LANGUAGE_STANDARD = gnu99;
				GCC_DYNAMIC_NO_PIC = NO;
				GCC_OPTIMIZATION_LEVEL = 0;
				GCC_PREPROCESSOR_DEFINITIONS = (
					"DEBUG=1",
					"$(inherited)",
				);
				GCC_SYMBOLS_PRIVATE_EXTERN = NO;
				GCC_WARN_64_TO_32_BIT_CONVERSION = YES;
				GCC_WARN_ABOUT_RETURN_TYPE = YES_ERROR;
				GCC_WARN_UNDECLARED_SELECTOR = YES;
				GCC_WARN_UNINITIALIZED_AUTOS = YES_AGGRESSIVE;
				GCC_WARN_UNUSED_FUNCTION = YES;
				GCC_WARN_UNUSED_VARIABLE = YES;
				IPHONEOS_DEPLOYMENT_TARGET = 8.0;
				MTL_ENABLE_DEBUG_INFO = YES;
				ONLY_ACTIVE_ARCH = YES;
				SDKROOT = iphoneos;
				TARGETED_DEVICE_FAMILY = "1,2";
			};
			name = Debug;
		};
		7DD004DB19D2F0AF0080556C /* Release */ = {
			isa = XCBuildConfiguration;
			buildSettings = {
				ALWAYS_SEARCH_USER_PATHS = NO;
				CLANG_CXX_LANGUAGE_STANDARD = "gnu++0x";
				CLANG_CXX_LIBRARY = "libc++";
				CLANG_ENABLE_MODULES = YES;
				CLANG_ENABLE_OBJC_ARC = YES;
				CLANG_WARN_BOOL_CONVERSION = YES;
				CLANG_WARN_CONSTANT_CONVERSION = YES;
				CLANG_WARN_DIRECT_OBJC_ISA_USAGE = YES_ERROR;
				CLANG_WARN_EMPTY_BODY = YES;
				CLANG_WARN_ENUM_CONVERSION = YES;
				CLANG_WARN_INT_CONVERSION = YES;
				CLANG_WARN_OBJC_ROOT_CLASS = YES_ERROR;
				CLANG_WARN_UNREACHABLE_CODE = YES;
				CLANG_WARN__DUPLICATE_METHOD_MATCH = YES;
				"CODE_SIGN_IDENTITY[sdk=iphoneos*]" = "iPhone Developer";
				COPY_PHASE_STRIP = YES;
				ENABLE_NS_ASSERTIONS = NO;
				ENABLE_STRICT_OBJC_MSGSEND = YES;
				GCC_C_LANGUAGE_STANDARD = gnu99;
				GCC_WARN_64_TO_32_BIT_CONVERSION = YES;
				GCC_WARN_ABOUT_RETURN_TYPE = YES_ERROR;
				GCC_WARN_UNDECLARED_SELECTOR = YES;
				GCC_WARN_UNINITIALIZED_AUTOS = YES_AGGRESSIVE;
				GCC_WARN_UNUSED_FUNCTION = YES;
				GCC_WARN_UNUSED_VARIABLE = YES;
				IPHONEOS_DEPLOYMENT_TARGET = 8.0;
				MTL_ENABLE_DEBUG_INFO = NO;
				SDKROOT = iphoneos;
				TARGETED_DEVICE_FAMILY = "1,2";
				VALIDATE_PRODUCT = YES;
			};
			name = Release;
		};
		7DD004DD19D2F0AF0080556C /* Debug */ = {
			isa = XCBuildConfiguration;
			buildSettings = {
				ASSETCATALOG_COMPILER_APPICON_NAME = AppIcon;
				CODE_SIGN_IDENTITY = "iPhone Developer";
				FRAMEWORK_SEARCH_PATHS = (
					"$(inherited)",
					"$(PROJECT_DIR)/iOSSamples/Frameworks",
				);
				INFOPLIST_FILE = "$(SRCROOT)/iOSSamples/Configuration/Info.plist";
				LD_RUNPATH_SEARCH_PATHS = "$(inherited) @executable_path/Frameworks";
				PRODUCT_NAME = "$(TARGET_NAME)";
			};
			name = Debug;
		};
		7DD004DE19D2F0AF0080556C /* Release */ = {
			isa = XCBuildConfiguration;
			buildSettings = {
				ASSETCATALOG_COMPILER_APPICON_NAME = AppIcon;
				CODE_SIGN_IDENTITY = "iPhone Developer";
				FRAMEWORK_SEARCH_PATHS = (
					"$(inherited)",
					"$(PROJECT_DIR)/iOSSamples/Frameworks",
				);
				INFOPLIST_FILE = "$(SRCROOT)/iOSSamples/Configuration/Info.plist";
				LD_RUNPATH_SEARCH_PATHS = "$(inherited) @executable_path/Frameworks";
				PRODUCT_NAME = "$(TARGET_NAME)";
			};
			name = Release;
		};
		7DD004E019D2F0AF0080556C /* Debug */ = {
			isa = XCBuildConfiguration;
			buildSettings = {
				FRAMEWORK_SEARCH_PATHS = (
					"$(SDKROOT)/Developer/Library/Frameworks",
					"$(inherited)",
				);
				GCC_PREPROCESSOR_DEFINITIONS = (
					"DEBUG=1",
					"$(inherited)",
				);
				INFOPLIST_FILE = iOSSamplesTests/Configuration/Info.plist;
				LD_RUNPATH_SEARCH_PATHS = "$(inherited) @executable_path/Frameworks @loader_path/Frameworks";
				PRODUCT_NAME = "$(TARGET_NAME)";
				TEST_HOST = "$(BUILT_PRODUCTS_DIR)/iOSSamples.app/iOSSamples";
			};
			name = Debug;
		};
		7DD004E119D2F0AF0080556C /* Release */ = {
			isa = XCBuildConfiguration;
			buildSettings = {
				FRAMEWORK_SEARCH_PATHS = (
					"$(SDKROOT)/Developer/Library/Frameworks",
					"$(inherited)",
				);
				INFOPLIST_FILE = iOSSamplesTests/Configuration/Info.plist;
				LD_RUNPATH_SEARCH_PATHS = "$(inherited) @executable_path/Frameworks @loader_path/Frameworks";
				PRODUCT_NAME = "$(TARGET_NAME)";
				TEST_HOST = "$(BUILT_PRODUCTS_DIR)/iOSSamples.app/iOSSamples";
			};
			name = Release;
		};
/* End XCBuildConfiguration section */

/* Begin XCConfigurationList section */
		7DD004B419D2F0AF0080556C /* Build configuration list for PBXProject "iOSSamples" */ = {
			isa = XCConfigurationList;
			buildConfigurations = (
				7DD004DA19D2F0AF0080556C /* Debug */,
				7DD004DB19D2F0AF0080556C /* Release */,
			);
			defaultConfigurationIsVisible = 0;
			defaultConfigurationName = Release;
		};
		7DD004DC19D2F0AF0080556C /* Build configuration list for PBXNativeTarget "iOSSamples" */ = {
			isa = XCConfigurationList;
			buildConfigurations = (
				7DD004DD19D2F0AF0080556C /* Debug */,
				7DD004DE19D2F0AF0080556C /* Release */,
			);
			defaultConfigurationIsVisible = 0;
		};
		7DD004DF19D2F0AF0080556C /* Build configuration list for PBXNativeTarget "iOSSamplesTests" */ = {
			isa = XCConfigurationList;
			buildConfigurations = (
				7DD004E019D2F0AF0080556C /* Debug */,
				7DD004E119D2F0AF0080556C /* Release */,
			);
			defaultConfigurationIsVisible = 0;
		};
/* End XCConfigurationList section */
	};
	rootObject = 7DD004B119D2F0AF0080556C /* Project object */;
}
